
Microsoft Visual Studio Solution File, Format Version 12.00
# Visual Studio Version 16
VisualStudioVersion = 16.0.28803.202
MinimumVisualStudioVersion = 10.0.40219.1
Project("{FAE04EC0-301F-11D3-BF4B-00C04F79EFBC}") = "Vidly 2", "Vidly 2\Vidly 2.csproj", "{9FE6869F-5BCD-4716-9106-3211D8A54742}"
EndProject
Global
	GlobalSection(SolutionConfigurationPlatforms) = preSolution
		Debug|Any CPU = Debug|Any CPU
		Release|Any CPU = Release|Any CPU
	EndGlobalSection
	GlobalSection(ProjectConfigurationPlatforms) = postSolution
		{9FE6869F-5BCD-4716-9106-3211D8A54742}.Debug|Any CPU.ActiveCfg = Debug|Any CPU
		{9FE6869F-5BCD-4716-9106-3211D8A54742}.Debug|Any CPU.Build.0 = Debug|Any CPU
		{9FE6869F-5BCD-4716-9106-3211D8A54742}.Release|Any CPU.ActiveCfg = Release|Any CPU
		{9FE6869F-5BCD-4716-9106-3211D8A54742}.Release|Any CPU.Build.0 = Release|Any CPU
	EndGlobalSection
	GlobalSection(SolutionProperties) = preSolution
		HideSolutionNode = FALSE
	EndGlobalSection
	GlobalSection(ExtensibilityGlobals) = postSolution
		SolutionGuid = {8B851F80-AB63-43C0-B99D-5F3CB29D5BFA}
	EndGlobalSection
EndGlobal
